
Microsoft Visual Studio Solution File, Format Version 12.00
# Visual Studio 15
VisualStudioVersion = 15.0.27428.2037
MinimumVisualStudioVersion = 10.0.40219.1
Project("{FAE04EC0-301F-11D3-BF4B-00C04F79EFBC}") = "Voorraadgever.Android", "Voorraadgever\Voorraadgever.Android\Voorraadgever.Android.csproj", "{685169D6-E085-4E6F-ABCA-78C530BDD67F}"
EndProject
Project("{FAE04EC0-301F-11D3-BF4B-00C04F79EFBC}") = "Voorraadgever.UWP", "Voorraadgever\Voorraadgever.UWP\Voorraadgever.UWP.csproj", "{6277E8B3-A0ED-40EF-89D5-90AF6AB12308}"
EndProject
Project("{D954291E-2A0B-460D-934E-DC6B0785DB48}") = "Voorraadgever", "Voorraadgever\Voorraadgever\Voorraadgever.shproj", "{F14A219C-BB60-4003-AB27-2E6CB21F6EE3}"
EndProject
Global
	GlobalSection(SharedMSBuildProjectFiles) = preSolution
		Voorraadgever\Voorraadgever\Voorraadgever.projitems*{6277e8b3-a0ed-40ef-89d5-90af6ab12308}*SharedItemsImports = 4
		Voorraadgever\Voorraadgever\Voorraadgever.projitems*{685169d6-e085-4e6f-abca-78c530bdd67f}*SharedItemsImports = 4
		Voorraadgever\Voorraadgever\Voorraadgever.projitems*{f14a219c-bb60-4003-ab27-2e6cb21f6ee3}*SharedItemsImports = 13
	EndGlobalSection
	GlobalSection(SolutionConfigurationPlatforms) = preSolution
		Debug|Any CPU = Debug|Any CPU
		Debug|ARM = Debug|ARM
		Debug|x64 = Debug|x64
		Debug|x86 = Debug|x86
		Release|Any CPU = Release|Any CPU
		Release|ARM = Release|ARM
		Release|x64 = Release|x64
		Release|x86 = Release|x86
	EndGlobalSection
	GlobalSection(ProjectConfigurationPlatforms) = postSolution
		{685169D6-E085-4E6F-ABCA-78C530BDD67F}.Debug|Any CPU.ActiveCfg = Debug|Any CPU
		{685169D6-E085-4E6F-ABCA-78C530BDD67F}.Debug|Any CPU.Build.0 = Debug|Any CPU
		{685169D6-E085-4E6F-ABCA-78C530BDD67F}.Debug|Any CPU.Deploy.0 = Debug|Any CPU
		{685169D6-E085-4E6F-ABCA-78C530BDD67F}.Debug|ARM.ActiveCfg = Debug|Any CPU
		{685169D6-E085-4E6F-ABCA-78C530BDD67F}.Debug|ARM.Build.0 = Debug|Any CPU
		{685169D6-E085-4E6F-ABCA-78C530BDD67F}.Debug|ARM.Deploy.0 = Debug|Any CPU
		{685169D6-E085-4E6F-ABCA-78C530BDD67F}.Debug|x64.ActiveCfg = Debug|Any CPU
		{685169D6-E085-4E6F-ABCA-78C530BDD67F}.Debug|x64.Build.0 = Debug|Any CPU
		{685169D6-E085-4E6F-ABCA-78C530BDD67F}.Debug|x64.Deploy.0 = Debug|Any CPU
		{685169D6-E085-4E6F-ABCA-78C530BDD67F}.Debug|x86.ActiveCfg = Debug|Any CPU
		{685169D6-E085-4E6F-ABCA-78C530BDD67F}.Debug|x86.Build.0 = Debug|Any CPU
		{685169D6-E085-4E6F-ABCA-78C530BDD67F}.Debug|x86.Deploy.0 = Debug|Any CPU
		{685169D6-E085-4E6F-ABCA-78C530BDD67F}.Release|Any CPU.ActiveCfg = Release|Any CPU
		{685169D6-E085-4E6F-ABCA-78C530BDD67F}.Release|Any CPU.Build.0 = Release|Any CPU
		{685169D6-E085-4E6F-ABCA-78C530BDD67F}.Release|Any CPU.Deploy.0 = Release|Any CPU
		{685169D6-E085-4E6F-ABCA-78C530BDD67F}.Release|ARM.ActiveCfg = Release|Any CPU
		{685169D6-E085-4E6F-ABCA-78C530BDD67F}.Release|ARM.Build.0 = Release|Any CPU
		{685169D6-E085-4E6F-ABCA-78C530BDD67F}.Release|ARM.Deploy.0 = Release|Any CPU
		{685169D6-E085-4E6F-ABCA-78C530BDD67F}.Release|x64.ActiveCfg = Release|Any CPU
		{685169D6-E085-4E6F-ABCA-78C530BDD67F}.Release|x64.Build.0 = Release|Any CPU
		{685169D6-E085-4E6F-ABCA-78C530BDD67F}.Release|x64.Deploy.0 = Release|Any CPU
		{685169D6-E085-4E6F-ABCA-78C530BDD67F}.Release|x86.ActiveCfg = Release|Any CPU
		{685169D6-E085-4E6F-ABCA-78C530BDD67F}.Release|x86.Build.0 = Release|Any CPU
		{685169D6-E085-4E6F-ABCA-78C530BDD67F}.Release|x86.Deploy.0 = Release|Any CPU
		{6277E8B3-A0ED-40EF-89D5-90AF6AB12308}.Debug|Any CPU.ActiveCfg = Debug|x86
		{6277E8B3-A0ED-40EF-89D5-90AF6AB12308}.Debug|ARM.ActiveCfg = Debug|ARM
		{6277E8B3-A0ED-40EF-89D5-90AF6AB12308}.Debug|ARM.Build.0 = Debug|ARM
		{6277E8B3-A0ED-40EF-89D5-90AF6AB12308}.Debug|ARM.Deploy.0 = Debug|ARM
		{6277E8B3-A0ED-40EF-89D5-90AF6AB12308}.Debug|x64.ActiveCfg = Debug|x64
		{6277E8B3-A0ED-40EF-89D5-90AF6AB12308}.Debug|x64.Build.0 = Debug|x64
		{6277E8B3-A0ED-40EF-89D5-90AF6AB12308}.Debug|x64.Deploy.0 = Debug|x64
		{6277E8B3-A0ED-40EF-89D5-90AF6AB12308}.Debug|x86.ActiveCfg = Debug|x86
		{6277E8B3-A0ED-40EF-89D5-90AF6AB12308}.Debug|x86.Build.0 = Debug|x86
		{6277E8B3-A0ED-40EF-89D5-90AF6AB12308}.Debug|x86.Deploy.0 = Debug|x86
		{6277E8B3-A0ED-40EF-89D5-90AF6AB12308}.Release|Any CPU.ActiveCfg = Release|x86
		{6277E8B3-A0ED-40EF-89D5-90AF6AB12308}.Release|ARM.ActiveCfg = Release|ARM
		{6277E8B3-A0ED-40EF-89D5-90AF6AB12308}.Release|ARM.Build.0 = Release|ARM
		{6277E8B3-A0ED-40EF-89D5-90AF6AB12308}.Release|ARM.Deploy.0 = Release|ARM
		{6277E8B3-A0ED-40EF-89D5-90AF6AB12308}.Release|x64.ActiveCfg = Release|x64
		{6277E8B3-A0ED-40EF-89D5-90AF6AB12308}.Release|x64.Build.0 = Release|x64
		{6277E8B3-A0ED-40EF-89D5-90AF6AB12308}.Release|x64.Deploy.0 = Release|x64
		{6277E8B3-A0ED-40EF-89D5-90AF6AB12308}.Release|x86.ActiveCfg = Release|x86
		{6277E8B3-A0ED-40EF-89D5-90AF6AB12308}.Release|x86.Build.0 = Release|x86
		{6277E8B3-A0ED-40EF-89D5-90AF6AB12308}.Release|x86.Deploy.0 = Release|x86
	EndGlobalSection
	GlobalSection(SolutionProperties) = preSolution
		HideSolutionNode = FALSE
	EndGlobalSection
	GlobalSection(ExtensibilityGlobals) = postSolution
		SolutionGuid = {C3E0C0F0-369D-4064-8103-C853B558FFA1}
	EndGlobalSection
EndGlobal
